Microsoft Visual Studio Solution File, Format Version 12.00
# Visual Studio Version 17
VisualStudioVersion = 17.5.2.0
MinimumVisualStudioVersion = 10.0.40219.1
Project("{FAE04EC0-301F-11D3-BF4B-00C04F79EFBC}") = "QL_NhaTro_Server", "QL_NhaTro_Server\QL_NhaTro_Server.csproj", "{4482000C-A54D-8808-7E3A-B2D8CBAF2E65}"
EndProject
Global
	GlobalSection(SolutionConfigurationPlatforms) = preSolution
		Debug|Any CPU = Debug|Any CPU
		Release|Any CPU = Release|Any CPU
	EndGlobalSection
	GlobalSection(ProjectConfigurationPlatforms) = postSolution
		{4482000C-A54D-8808-7E3A-B2D8CBAF2E65}.Debug|Any CPU.ActiveCfg = Debug|Any CPU
		{4482000C-A54D-8808-7E3A-B2D8CBAF2E65}.Debug|Any CPU.Build.0 = Debug|Any CPU
		{4482000C-A54D-8808-7E3A-B2D8CBAF2E65}.Release|Any CPU.ActiveCfg = Release|Any CPU
		{4482000C-A54D-8808-7E3A-B2D8CBAF2E65}.Release|Any CPU.Build.0 = Release|Any CPU
	EndGlobalSection
	GlobalSection(SolutionProperties) = preSolution
		HideSolutionNode = FALSE
	EndGlobalSection
	GlobalSection(ExtensibilityGlobals) = postSolution
		SolutionGuid = {DBF18867-1358-4FB3-B220-624BD6951769}
	EndGlobalSection
EndGlobal
